[root]
name = "rad"
version = "0.1.0"
dependencies = [
 "arrayref 0.3.3 (registry+https://github.com/rust-lang/crates.io-index)",
 "byteorder 1.0.0 (registry+https://github.com/rust-lang/crates.io-index)",
 "ring 0.7.5 (registry+https://github.com/rust-lang/crates.io-index)",
]

[[package]]
name = "arrayref"
version = "0.3.3"
source = "registry+https://github.com/rust-lang/crates.io-index"

[[package]]
name = "byteorder"
version = "1.0.0"
source = "registry+https://github.com/rust-lang/crates.io-index"

[[package]]
name = "deque"
version = "0.3.1"
source = "registry+https://github.com/rust-lang/crates.io-index"
dependencies = [
 "rand 0.3.15 (registry+https://github.com/rust-lang/crates.io-index)",
]

[[package]]
name = "gcc"
version = "0.3.45"
source = "registry+https://github.com/rust-lang/crates.io-index"

[[package]]
name = "lazy_static"
version = "0.2.8"
source = "registry+https://github.com/rust-lang/crates.io-index"

[[package]]
name = "libc"
version = "0.2.21"
source = "registry+https://github.com/rust-lang/crates.io-index"

[[package]]
name = "num_cpus"
version = "1.3.0"
source = "registry+https://github.com/rust-lang/crates.io-index"
dependencies = [
 "libc 0.2.21 (registry+https://github.com/rust-lang/crates.io-index)",
]

[[package]]
name = "rand"
version = "0.3.15"
source = "registry+https://github.com/rust-lang/crates.io-index"
dependencies = [
 "libc 0.2.21 (registry+https://github.com/rust-lang/crates.io-index)",
]

[[package]]
name = "rayon"
version = "0.7.0"
source = "registry+https://github.com/rust-lang/crates.io-index"
dependencies = [
 "rayon-core 1.0.0 (registry+https://github.com/rust-lang/crates.io-index)",
]

[[package]]
name = "rayon-core"
version = "1.0.0"
source = "registry+https://github.com/rust-lang/crates.io-index"
dependencies = [
 "deque 0.3.1 (registry+https://github.com/rust-lang/crates.io-index)",
 "lazy_static 0.2.8 (registry+https://github.com/rust-lang/crates.io-index)",
 "libc 0.2.21 (registry+https://github.com/rust-lang/crates.io-index)",
 "num_cpus 1.3.0 (registry+https://github.com/rust-lang/crates.io-index)",
 "rand 0.3.15 (registry+https://github.com/rust-lang/crates.io-index)",
]

[[package]]
name = "ring"
version = "0.7.5"
source = "registry+https://github.com/rust-lang/crates.io-index"
dependencies = [
 "gcc 0.3.45 (registry+https://github.com/rust-lang/crates.io-index)",
 "lazy_static 0.2.8 (registry+https://github.com/rust-lang/crates.io-index)",
 "libc 0.2.21 (registry+https://github.com/rust-lang/crates.io-index)",
 "rayon 0.7.0 (registry+https://github.com/rust-lang/crates.io-index)",
 "untrusted 0.3.2 (registry+https://github.com/rust-lang/crates.io-index)",
]

[[package]]
name = "untrusted"
version = "0.3.2"
source = "registry+https://github.com/rust-lang/crates.io-index"

[metadata]
"checksum arrayref 0.3.3 (registry+https://github.com/rust-lang/crates.io-index)" = "b15bab0f2279f7a677cb60fe32e7f8efed9653c4c805c1dc20e37c1382c51de5"
"checksum byteorder 1.0.0 (registry+https://github.com/rust-lang/crates.io-index)" = "c40977b0ee6b9885c9013cd41d9feffdd22deb3bb4dc3a71d901cc7a77de18c8"
"checksum deque 0.3.1 (registry+https://github.com/rust-lang/crates.io-index)" = "1614659040e711785ed8ea24219140654da1729f3ec8a47a9719d041112fe7bf"
"checksum gcc 0.3.45 (registry+https://github.com/rust-lang/crates.io-index)" = "40899336fb50db0c78710f53e87afc54d8c7266fb76262fecc78ca1a7f09deae"
"checksum lazy_static 0.2.8 (registry+https://github.com/rust-lang/crates.io-index)" = "3b37545ab726dd833ec6420aaba8231c5b320814b9029ad585555d2a03e94fbf"
"checksum libc 0.2.21 (registry+https://github.com/rust-lang/crates.io-index)" = "88ee81885f9f04bff991e306fea7c1c60a5f0f9e409e99f6b40e3311a3363135"
"checksum num_cpus 1.3.0 (registry+https://github.com/rust-lang/crates.io-index)" = "a18c392466409c50b87369414a2680c93e739aedeb498eb2bff7d7eb569744e2"
"checksum rand 0.3.15 (registry+https://github.com/rust-lang/crates.io-index)" = "022e0636ec2519ddae48154b028864bdce4eaf7d35226ab8e65c611be97b189d"
"checksum rayon 0.7.0 (registry+https://github.com/rust-lang/crates.io-index)" = "8c83adcb08e5b922e804fe1918142b422602ef11f2fd670b0b52218cb5984a20"
"checksum rayon-core 1.0.0 (registry+https://github.com/rust-lang/crates.io-index)" = "767d91bacddf07d442fe39257bf04fd95897d1c47c545d009f6beb03efd038f8"
"checksum ring 0.7.5 (registry+https://github.com/rust-lang/crates.io-index)" = "6210568620e7b9d3f6e27f4bef63140cb88a15fbfb49b041bd3343b92c109166"
"checksum untrusted 0.3.2 (registry+https://github.com/rust-lang/crates.io-index)" = "193df64312e3515fd983ded55ad5bcaa7647a035804828ed757e832ce6029ef3"
